{"1.1.0",
[{<<"jsx">>,{pkg,<<"jsx">>,<<"2.9.0">>},0},
 {<<"wrangler">>,
  {git,"https://github.com/RefactoringTools/wrangler.git",
       {ref,"17ff0338b2bc846d3d02983b66e7e1dcaed0c197"}},
  0}]}.
[
{pkg_hash,[
 {<<"jsx">>, <<"D2F6E5F069C00266CAD52FB15D87C428579EA4D7D73A33669E12679E203329DD">>}]}
].
